
Microsoft Visual Studio Solution File, Format Version 12.00
# Visual Studio Version 16
VisualStudioVersion = 16.0.31729.503
MinimumVisualStudioVersion = 10.0.40219.1
Project("{FAE04EC0-301F-11D3-BF4B-00C04F79EFBC}") = "Depth", "Depth\Depth.csproj", "{3B19C8F3-3CF3-47B4-9DD8-38CCE85839B6}"
EndProject
Global
	GlobalSection(SolutionConfigurationPlatforms) = preSolution
		Debug|Any CPU = Debug|Any CPU
		Release|Any CPU = Release|Any CPU
	EndGlobalSection
	GlobalSection(ProjectConfigurationPlatforms) = postSolution
		{3B19C8F3-3CF3-47B4-9DD8-38CCE85839B6}.Debug|Any CPU.ActiveCfg = Debug|Any CPU
		{3B19C8F3-3CF3-47B4-9DD8-38CCE85839B6}.Debug|Any CPU.Build.0 = Debug|Any CPU
		{3B19C8F3-3CF3-47B4-9DD8-38CCE85839B6}.Release|Any CPU.ActiveCfg = Release|Any CPU
		{3B19C8F3-3CF3-47B4-9DD8-38CCE85839B6}.Release|Any CPU.Build.0 = Release|Any CPU
	EndGlobalSection
	GlobalSection(SolutionProperties) = preSolution
		HideSolutionNode = FALSE
	EndGlobalSection
	GlobalSection(ExtensibilityGlobals) = postSolution
		SolutionGuid = {14D5CE3D-E5B5-4502-A7F1-79CBB2F97F6A}
	EndGlobalSection
EndGlobal
